
Microsoft Visual Studio Solution File, Format Version 12.00
# Visual Studio Version 17
VisualStudioVersion = 17.14.37411.7 d17.14
MinimumVisualStudioVersion = 10.0.40219.1
Project("{FAE04EC0-301F-11D3-BF4B-00C04F79EFBC}") = "TelemetrySimulator", "TelemetrySimulator\TelemetrySimulator.csproj", "{56A98801-4C76-44BA-B8D8-582B046B453F}"
EndProject
Global
	GlobalSection(SolutionConfigurationPlatforms) = preSolution
		Debug|Any CPU = Debug|Any CPU
		Release|Any CPU = Release|Any CPU
	EndGlobalSection
	GlobalSection(ProjectConfigurationPlatforms) = postSolution
		{56A98801-4C76-44BA-B8D8-582B046B453F}.Debug|Any CPU.ActiveCfg = Debug|Any CPU
		{56A98801-4C76-44BA-B8D8-582B046B453F}.Debug|Any CPU.Build.0 = Debug|Any CPU
		{56A98801-4C76-44BA-B8D8-582B046B453F}.Release|Any CPU.ActiveCfg = Release|Any CPU
		{56A98801-4C76-44BA-B8D8-582B046B453F}.Release|Any CPU.Build.0 = Release|Any CPU
	EndGlobalSection
	GlobalSection(SolutionProperties) = preSolution
		HideSolutionNode = FALSE
	EndGlobalSection
	GlobalSection(ExtensibilityGlobals) = postSolution
		SolutionGuid = {AE7CB758-ABEE-438A-A5F6-7D759E79CA08}
	EndGlobalSection
EndGlobal
